dependencies:
- name: rabbitmq
  repository: https://charts.bitnami.com/bitnami
  version: 6.25.2
- name: prometheus-rabbitmq-exporter
  repository: https://kubernetes-charts.storage.googleapis.com/
  version: 0.5.5
- name: postgresql
  repository: https://charts.bitnami.com/bitnami
  version: 8.7.3
- name: prometheus-operator
  repository: https://kubernetes-charts.storage.googleapis.com/
  version: 8.12.12
digest: sha256:ad439eda97719d02fdb6a7cde5d985bab8f7c79dea17eb07cb6bb6963bc35e3e
generated: "2020-04-30T12:33:11.756377+02:00"
